
Microsoft Visual Studio Solution File, Format Version 12.00
# Visual Studio Version 16
VisualStudioVersion = 16.0.31605.320
MinimumVisualStudioVersion = 10.0.40219.1
Project("{FAE04EC0-301F-11D3-BF4B-00C04F79EFBC}") = "Metodo sort", "Metodo sort\Metodo sort.csproj", "{43FB7311-2D5A-442E-9CFA-6B683E20BF63}"
EndProject
Global
	GlobalSection(SolutionConfigurationPlatforms) = preSolution
		Debug|Any CPU = Debug|Any CPU
		Release|Any CPU = Release|Any CPU
	EndGlobalSection
	GlobalSection(ProjectConfigurationPlatforms) = postSolution
		{43FB7311-2D5A-442E-9CFA-6B683E20BF63}.Debug|Any CPU.ActiveCfg = Debug|Any CPU
		{43FB7311-2D5A-442E-9CFA-6B683E20BF63}.Debug|Any CPU.Build.0 = Debug|Any CPU
		{43FB7311-2D5A-442E-9CFA-6B683E20BF63}.Release|Any CPU.ActiveCfg = Release|Any CPU
		{43FB7311-2D5A-442E-9CFA-6B683E20BF63}.Release|Any CPU.Build.0 = Release|Any CPU
	EndGlobalSection
	GlobalSection(SolutionProperties) = preSolution
		HideSolutionNode = FALSE
	EndGlobalSection
	GlobalSection(ExtensibilityGlobals) = postSolution
		SolutionGuid = {50C2C25C-CC6E-42C5-903E-695EFB033C9D}
	EndGlobalSection
EndGlobal
