
Microsoft Visual Studio Solution File, Format Version 12.00
# Visual Studio Version 16
VisualStudioVersion = 16.0.31605.320
MinimumVisualStudioVersion = 10.0.40219.1
Project("{FAE04EC0-301F-11D3-BF4B-00C04F79EFBC}") = "Datos-ordenados", "Datos-ordenados\Datos-ordenados.csproj", "{8D4A9879-AB38-47FE-9E23-18E1C5849A5F}"
EndProject
Global
	GlobalSection(SolutionConfigurationPlatforms) = preSolution
		Debug|Any CPU = Debug|Any CPU
		Release|Any CPU = Release|Any CPU
	EndGlobalSection
	GlobalSection(ProjectConfigurationPlatforms) = postSolution
		{8D4A9879-AB38-47FE-9E23-18E1C5849A5F}.Debug|Any CPU.ActiveCfg = Debug|Any CPU
		{8D4A9879-AB38-47FE-9E23-18E1C5849A5F}.Debug|Any CPU.Build.0 = Debug|Any CPU
		{8D4A9879-AB38-47FE-9E23-18E1C5849A5F}.Release|Any CPU.ActiveCfg = Release|Any CPU
		{8D4A9879-AB38-47FE-9E23-18E1C5849A5F}.Release|Any CPU.Build.0 = Release|Any CPU
	EndGlobalSection
	GlobalSection(SolutionProperties) = preSolution
		HideSolutionNode = FALSE
	EndGlobalSection
	GlobalSection(ExtensibilityGlobals) = postSolution
		SolutionGuid = {ED18C055-AAED-440A-B291-A0ED2BA3420E}
	EndGlobalSection
EndGlobal
