
Microsoft Visual Studio Solution File, Format Version 12.00
# Visual Studio Version 16
VisualStudioVersion = 16.0.31605.320
MinimumVisualStudioVersion = 10.0.40219.1
Project("{FAE04EC0-301F-11D3-BF4B-00C04F79EFBC}") = "Notas N promedio", "Notas N promedio\Notas N promedio.csproj", "{1ABBE60A-A656-41EA-94B5-27E6A160367F}"
EndProject
Global
	GlobalSection(SolutionConfigurationPlatforms) = preSolution
		Debug|Any CPU = Debug|Any CPU
		Release|Any CPU = Release|Any CPU
	EndGlobalSection
	GlobalSection(ProjectConfigurationPlatforms) = postSolution
		{1ABBE60A-A656-41EA-94B5-27E6A160367F}.Debug|Any CPU.ActiveCfg = Debug|Any CPU
		{1ABBE60A-A656-41EA-94B5-27E6A160367F}.Debug|Any CPU.Build.0 = Debug|Any CPU
		{1ABBE60A-A656-41EA-94B5-27E6A160367F}.Release|Any CPU.ActiveCfg = Release|Any CPU
		{1ABBE60A-A656-41EA-94B5-27E6A160367F}.Release|Any CPU.Build.0 = Release|Any CPU
	EndGlobalSection
	GlobalSection(SolutionProperties) = preSolution
		HideSolutionNode = FALSE
	EndGlobalSection
	GlobalSection(ExtensibilityGlobals) = postSolution
		SolutionGuid = {F231BC19-E83C-44F9-942D-6B37574EF698}
	EndGlobalSection
EndGlobal
